
Microsoft Visual Studio Solution File, Format Version 12.00
# Visual Studio Version 16
VisualStudioVersion = 16.0.29326.143
MinimumVisualStudioVersion = 10.0.40219.1
Project("{FAE04EC0-301F-11D3-BF4B-00C04F79EFBC}") = "WizWadWiz", "WizWadWiz\WizWadWiz.csproj", "{B2B9AD5C-91F9-4FE9-B516-FAD1A8DA521E}"
EndProject
Global
	GlobalSection(SolutionConfigurationPlatforms) = preSolution
		Debug|Any CPU = Debug|Any CPU
		Release|Any CPU = Release|Any CPU
	EndGlobalSection
	GlobalSection(ProjectConfigurationPlatforms) = postSolution
		{B2B9AD5C-91F9-4FE9-B516-FAD1A8DA521E}.Debug|Any CPU.ActiveCfg = Debug|Any CPU
		{B2B9AD5C-91F9-4FE9-B516-FAD1A8DA521E}.Debug|Any CPU.Build.0 = Debug|Any CPU
		{B2B9AD5C-91F9-4FE9-B516-FAD1A8DA521E}.Release|Any CPU.ActiveCfg = Release|Any CPU
		{B2B9AD5C-91F9-4FE9-B516-FAD1A8DA521E}.Release|Any CPU.Build.0 = Release|Any CPU
	EndGlobalSection
	GlobalSection(SolutionProperties) = preSolution
		HideSolutionNode = FALSE
	EndGlobalSection
	GlobalSection(ExtensibilityGlobals) = postSolution
		SolutionGuid = {D1DDD494-1625-47C4-927C-DC6D7E33F6D8}
	EndGlobalSection
EndGlobal
